{
  "lockfileVersion": 1,
  "configVersion": 0,
  "workspaces": {
    "": {
      "name": "rm6785_bot",
      "dependencies": {
        "@octokit/rest": "^19.0.7",
        "dotenv": "^16.0.3",
        "simple-git": "^3.19.0",
        "telegraf": "^4.12.2",
        "yargs": "^17.7.2",
      },
      "devDependencies": {
        "@types/node": "^20.12.13",
        "@types/yargs": "^17.0.35",
        "typescript": "^5.4.5",
      },
    },
  },
  "packages": {
    "@kwsites/file-exists": ["@kwsites/file-exists@1.1.1", "", { "dependencies": { "debug": "^4.1.1" } }, "sha512-m9/5YGR18lIwxSFDwfE3oA7bWuq9kdau6ugN4H2rJeyhFQZcG9AgSHkQtSD15a8WvTgfz9aikZMrKPHvbpqFiw=="],

    "@kwsites/promise-deferred": ["@kwsites/promise-deferred@1.1.1", "", {}, "sha512-GaHYm+c0O9MjZRu0ongGBRbinu8gVAMd2UZjji6jVmqKtZluZnptXGWhz1E8j8D2HJ3f/yMxKAUC0b+57wncIw=="],

    "@octokit/auth-token": ["@octokit/auth-token@3.0.4", "", {}, "sha512-TWFX7cZF2LXoCvdmJWY7XVPi74aSY0+FfBZNSXEXFkMpjcqsQwDSYVv5FhRFaI0V1ECnwbz4j59T/G+rXNWaIQ=="],

    "@octokit/core": ["@octokit/core@4.2.4", "", { "dependencies": { "@octokit/auth-token": "^3.0.0", "@octokit/graphql": "^5.0.0", "@octokit/request": "^6.0.0", "@octokit/request-error": "^3.0.0", "@octokit/types": "^9.0.0", "before-after-hook": "^2.2.0", "universal-user-agent": "^6.0.0" } }, "sha512-rYKilwgzQ7/imScn3M9/pFfUf4I1AZEH3KhyJmtPdE2zfaXAn2mFfUy4FbKewzc2We5y/LlKLj36fWJLKC2SIQ=="],

    "@octokit/endpoint": ["@octokit/endpoint@7.0.6", "", { "dependencies": { "@octokit/types": "^9.0.0", "is-plain-object": "^5.0.0", "universal-user-agent": "^6.0.0" } }, "sha512-5L4fseVRUsDFGR00tMWD/Trdeeihn999rTMGRMC1G/Ldi1uWlWJzI98H4Iak5DB/RVvQuyMYKqSK/R6mbSOQyg=="],

    "@octokit/graphql": ["@octokit/graphql@5.0.6", "", { "dependencies": { "@octokit/request": "^6.0.0", "@octokit/types": "^9.0.0", "universal-user-agent": "^6.0.0" } }, "sha512-Fxyxdy/JH0MnIB5h+UQ3yCoh1FG4kWXfFKkpWqjZHw/p+Kc8Y44Hu/kCgNBT6nU1shNumEchmW/sUO1JuQnPcw=="],

    "@octokit/openapi-types": ["@octokit/openapi-types@18.1.1", "", {}, "sha512-VRaeH8nCDtF5aXWnjPuEMIYf1itK/s3JYyJcWFJT8X9pSNnBtriDf7wlEWsGuhPLl4QIH4xM8fqTXDwJ3Mu6sw=="],

    "@octokit/plugin-paginate-rest": ["@octokit/plugin-paginate-rest@6.1.2", "", { "dependencies": { "@octokit/tsconfig": "^1.0.2", "@octokit/types": "^9.2.3" }, "peerDependencies": { "@octokit/core": ">=4" } }, "sha512-qhrmtQeHU/IivxucOV1bbI/xZyC/iOBhclokv7Sut5vnejAIAEXVcGQeRpQlU39E0WwK9lNvJHphHri/DB6lbQ=="],

    "@octokit/plugin-request-log": ["@octokit/plugin-request-log@1.0.4", "", { "peerDependencies": { "@octokit/core": ">=3" } }, "sha512-mLUsMkgP7K/cnFEw07kWqXGF5LKrOkD+lhCrKvPHXWDywAwuDUeDwWBpc69XK3pNX0uKiVt8g5z96PJ6z9xCFA=="],

    "@octokit/plugin-rest-endpoint-methods": ["@octokit/plugin-rest-endpoint-methods@7.2.3", "", { "dependencies": { "@octokit/types": "^10.0.0" }, "peerDependencies": { "@octokit/core": ">=3" } }, "sha512-I5Gml6kTAkzVlN7KCtjOM+Ruwe/rQppp0QU372K1GP7kNOYEKe8Xn5BW4sE62JAHdwpq95OQK/qGNyKQMUzVgA=="],

    "@octokit/request": ["@octokit/request@6.2.8", "", { "dependencies": { "@octokit/endpoint": "^7.0.0", "@octokit/request-error": "^3.0.0", "@octokit/types": "^9.0.0", "is-plain-object": "^5.0.0", "node-fetch": "^2.6.7", "universal-user-agent": "^6.0.0" } }, "sha512-ow4+pkVQ+6XVVsekSYBzJC0VTVvh/FCTUUgTsboGq+DTeWdyIFV8WSCdo0RIxk6wSkBTHqIK1mYuY7nOBXOchw=="],

    "@octokit/request-error": ["@octokit/request-error@3.0.3", "", { "dependencies": { "@octokit/types": "^9.0.0", "deprecation": "^2.0.0", "once": "^1.4.0" } }, "sha512-crqw3V5Iy2uOU5Np+8M/YexTlT8zxCfI+qu+LxUB7SZpje4Qmx3mub5DfEKSO8Ylyk0aogi6TYdf6kxzh2BguQ=="],

    "@octokit/rest": ["@octokit/rest@19.0.13", "", { "dependencies": { "@octokit/core": "^4.2.1", "@octokit/plugin-paginate-rest": "^6.1.2", "@octokit/plugin-request-log": "^1.0.4", "@octokit/plugin-rest-endpoint-methods": "^7.1.2" } }, "sha512-/EzVox5V9gYGdbAI+ovYj3nXQT1TtTHRT+0eZPcuC05UFSWO3mdO9UY1C0i2eLF9Un1ONJkAk+IEtYGAC+TahA=="],

    "@octokit/tsconfig": ["@octokit/tsconfig@1.0.2", "", {}, "sha512-I0vDR0rdtP8p2lGMzvsJzbhdOWy405HcGovrspJ8RRibHnyRgggUSNO5AIox5LmqiwmatHKYsvj6VGFHkqS7lA=="],

    "@octokit/types": ["@octokit/types@9.3.2", "", { "dependencies": { "@octokit/openapi-types": "^18.0.0" } }, "sha512-D4iHGTdAnEEVsB8fl95m1hiz7D5YiRdQ9b/OEb3BYRVwbLsGHcRVPz+u+BgRLNk0Q0/4iZCBqDN96j2XNxfXrA=="],

    "@telegraf/types": ["@telegraf/types@7.1.0", "", {}, "sha512-kGevOIbpMcIlCDeorKGpwZmdH7kHbqlk/Yj6dEpJMKEQw5lk0KVQY0OLXaCswy8GqlIVLd5625OB+rAntP9xVw=="],

    "@types/node": ["@types/node@20.13.0", "", { "dependencies": { "undici-types": "~5.26.4" } }, "sha512-FM6AOb3khNkNIXPnHFDYaHerSv8uN22C91z098AnGccVu+Pcdhi+pNUFDi0iLmPIsVE0JBD0KVS7mzUYt4nRzQ=="],

    "@types/yargs": ["@types/yargs@17.0.35", "", { "dependencies": { "@types/yargs-parser": "*" } }, "sha512-qUHkeCyQFxMXg79wQfTtfndEC+N9ZZg76HJftDJp+qH2tV7Gj4OJi7l+PiWwJ+pWtW8GwSmqsDj/oymhrTWXjg=="],

    "@types/yargs-parser": ["@types/yargs-parser@21.0.3", "", {}, "sha512-I4q9QU9MQv4oEOz4tAHJtNz1cwuLxn2F3xcc2iV5WdqLPpUnj30aUuxt1mAxYTG+oe8CZMV/+6rU4S4gRDzqtQ=="],

    "abort-controller": ["abort-controller@3.0.0", "", { "dependencies": { "event-target-shim": "^5.0.0" } }, "sha512-h8lQ8tacZYnR3vNQTgibj+tODHI5/+l06Au2Pcriv/Gmet0eaj4TwWH41sO9wnHDiQsEj19q0drzdWdeAHtweg=="],

    "ansi-regex": ["ansi-regex@5.0.1", "", {}, "sha512-quJQXlTSUGL2LH9SUXo8VwsY4soanhgo6LNSm84E1LBcE8s3O0wpdiRzyR9z/ZZJMlMWv37qOOb9pdJlMUEKFQ=="],

    "ansi-styles": ["ansi-styles@4.3.0", "", { "dependencies": { "color-convert": "^2.0.1" } }, "sha512-zbB9rCJAT1rbjiVDb2hqKFHNYLxgtk8NURxZ3IZwD3F6NtxbXZQCnnSi1Lkx+IDohdPlFp222wVALIheZJQSEg=="],

    "before-after-hook": ["before-after-hook@2.2.3", "", {}, "sha512-NzUnlZexiaH/46WDhANlyR2bXRopNg4F/zuSA3OpZnllCUgRaOF2znDioDWrmbNVsuZk6l9pMquQB38cfBZwkQ=="],

    "buffer-alloc": ["buffer-alloc@1.2.0", "", { "dependencies": { "buffer-alloc-unsafe": "^1.1.0", "buffer-fill": "^1.0.0" } }, "sha512-CFsHQgjtW1UChdXgbyJGtnm+O/uLQeZdtbDo8mfUgYXCHSM1wgrVxXm6bSyrUuErEb+4sYVGCzASBRot7zyrow=="],

    "buffer-alloc-unsafe": ["buffer-alloc-unsafe@1.1.0", "", {}, "sha512-TEM2iMIEQdJ2yjPJoSIsldnleVaAk1oW3DBVUykyOLsEsFmEc9kn+SFFPz+gl54KQNxlDnAwCXosOS9Okx2xAg=="],

    "buffer-fill": ["buffer-fill@1.0.0", "", {}, "sha512-T7zexNBwiiaCOGDg9xNX9PBmjrubblRkENuptryuI64URkXDFum9il/JGL8Lm8wYfAXpredVXXZz7eMHilimiQ=="],

    "cliui": ["cliui@8.0.1", "", { "dependencies": { "string-width": "^4.2.0", "strip-ansi": "^6.0.1", "wrap-ansi": "^7.0.0" } }, "sha512-BSeNnyus75C4//NQ9gQt1/csTXyo/8Sb+afLAkzAptFuMsod9HFokGNudZpi/oQV73hnVK+sR+5PVRMd+Dr7YQ=="],

    "color-convert": ["color-convert@2.0.1", "", { "dependencies": { "color-name": "~1.1.4" } }, "sha512-RRECPsj7iu/xb5oKYcsFHSppFNnsj/52OVTRKb4zP5onXwVF3zVmmToNcOfGC+CRDpfK/U584fMg38ZHCaElKQ=="],

    "color-name": ["color-name@1.1.4", "", {}, "sha512-dOy+3AuW3a2wNbZHIuMZpTcgjGuLU/uBL/ubcZF9OXbDo8ff4O8yVp5Bf0efS8uEoYo5q4Fx7dY9OgQGXgAsQA=="],

    "debug": ["debug@4.3.5", "", { "dependencies": { "ms": "2.1.2" } }, "sha512-pt0bNEmneDIvdL1Xsd9oDQ/wrQRkXDT4AUWlNZNPKvW5x/jyO9VFXkJUP07vQ2upmw5PlaITaPKc31jK13V+jg=="],

    "deprecation": ["deprecation@2.3.1", "", {}, "sha512-xmHIy4F3scKVwMsQ4WnVaS8bHOx0DmVwRywosKhaILI0ywMDWPtBSku2HNxRvF7jtwDRsoEwYQSfbxj8b7RlJQ=="],

    "dotenv": ["dotenv@16.4.5", "", {}, "sha512-ZmdL2rui+eB2YwhsWzjInR8LldtZHGDoQ1ugH85ppHKwpUHL7j7rN0Ti9NCnGiQbhaZ11FpR+7ao1dNsmduNUg=="],

    "emoji-regex": ["emoji-regex@8.0.0", "", {}, "sha512-MSjYzcWNOA0ewAHpz0MxpYFvwg6yjy1NG3xteoqz644VCo/RPgnr1/GGt+ic3iJTzQ8Eu3TdM14SawnVUmGE6A=="],

    "escalade": ["escalade@3.1.2", "", {}, "sha512-ErCHMCae19vR8vQGe50xIsVomy19rg6gFu3+r3jkEO46suLMWBksvVyoGgQV+jOfl84ZSOSlmv6Gxa89PmTGmA=="],

    "event-target-shim": ["event-target-shim@5.0.1", "", {}, "sha512-i/2XbnSz/uxRCU6+NdVJgKWDTM427+MqYbkQzD321DuCQJUqOuJKIA0IM2+W2xtYHdKOmZ4dR6fExsd4SXL+WQ=="],

    "get-caller-file": ["get-caller-file@2.0.5", "", {}, "sha512-DyFP3BM/3YHTQOCUL/w0OZHR0lpKeGrxotcHWcqNEdnltqFwXVfhEBQ94eIo34AfQpo0rGki4cyIiftY06h2Fg=="],

    "is-fullwidth-code-point": ["is-fullwidth-code-point@3.0.0", "", {}, "sha512-zymm5+u+sCsSWyD9qNaejV3DFvhCKclKdizYaJUuHA83RLjb7nSuGnddCHGv0hk+KY7BMAlsWeK4Ueg6EV6XQg=="],

    "is-plain-object": ["is-plain-object@5.0.0", "", {}, "sha512-VRSzKkbMm5jMDoKLbltAkFQ5Qr7VDiTFGXxYFXXowVj387GeGNOCsOH6Msy00SGZ3Fp84b1Naa1psqgcCIEP5Q=="],

    "mri": ["mri@1.2.0", "", {}, "sha512-tzzskb3bG8LvYGFF/mDTpq3jpI6Q9wc3LEmBaghu+DdCssd1FakN7Bc0hVNmEyGq1bq3RgfkCb3cmQLpNPOroA=="],

    "ms": ["ms@2.1.2", "", {}, "sha512-sGkPx+VjMtmA6MX27oA4FBFELFCZZ4S4XqeGOXCv68tT+jb3vk/RyaKWP0PTKyWtmLSM0b+adUTEvbs1PEaH2w=="],

    "node-fetch": ["node-fetch@2.7.0", "", { "dependencies": { "whatwg-url": "^5.0.0" }, "peerDependencies": { "encoding": "^0.1.0" }, "optionalPeers": ["encoding"] }, "sha512-c4FRfUm/dbcWZ7U+1Wq0AwCyFL+3nt2bEw05wfxSz+DWpWsitgmSgYmy2dQdWyKC1694ELPqMs/YzUSNozLt8A=="],

    "once": ["once@1.4.0", "", { "dependencies": { "wrappy": "1" } }, "sha512-lNaJgI+2Q5URQBkccEKHTQOPaXdUxnZZElQTZY0MFUAuaEqe1E+Nyvgdz/aIyNi6Z9MzO5dv1H8n58/GELp3+w=="],

    "p-timeout": ["p-timeout@4.1.0", "", {}, "sha512-+/wmHtzJuWii1sXn3HCuH/FTwGhrp4tmJTxSKJbfS+vkipci6osxXM5mY0jUiRzWKMTgUT8l7HFbeSwZAynqHw=="],

    "require-directory": ["require-directory@2.1.1", "", {}, "sha512-fGxEI7+wsG9xrvdjsrlmL22OMTTiHRwAMroiEeMgq8gzoLC/PQr7RsRDSTLUg/bZAZtF+TVIkHc6/4RIKrui+Q=="],

    "safe-compare": ["safe-compare@1.1.4", "", { "dependencies": { "buffer-alloc": "^1.2.0" } }, "sha512-b9wZ986HHCo/HbKrRpBJb2kqXMK9CEWIE1egeEvZsYn69ay3kdfl9nG3RyOcR+jInTDf7a86WQ1d4VJX7goSSQ=="],

    "sandwich-stream": ["sandwich-stream@2.0.2", "", {}, "sha512-jLYV0DORrzY3xaz/S9ydJL6Iz7essZeAfnAavsJ+zsJGZ1MOnsS52yRjU3uF3pJa/lla7+wisp//fxOwOH8SKQ=="],

    "simple-git": ["simple-git@3.24.0", "", { "dependencies": { "@kwsites/file-exists": "^1.1.1", "@kwsites/promise-deferred": "^1.1.1", "debug": "^4.3.4" } }, "sha512-QqAKee9Twv+3k8IFOFfPB2hnk6as6Y6ACUpwCtQvRYBAes23Wv3SZlHVobAzqcE8gfsisCvPw3HGW3HYM+VYYw=="],

    "string-width": ["string-width@4.2.3", "", { "dependencies": { "emoji-regex": "^8.0.0", "is-fullwidth-code-point": "^3.0.0", "strip-ansi": "^6.0.1" } }, "sha512-wKyQRQpjJ0sIp62ErSZdGsjMJWsap5oRNihHhu6G7JVO/9jIB6UyevL+tXuOqrng8j/cxKTWyWUwvSTriiZz/g=="],

    "strip-ansi": ["strip-ansi@6.0.1", "", { "dependencies": { "ansi-regex": "^5.0.1" } }, "sha512-Y38VPSHcqkFrCpFnQ9vuSXmquuv5oXOKpGeT6aGrr3o3Gc9AlVa6JBfUSOCnbxGGZF+/0ooI7KrPuUSztUdU5A=="],

    "telegraf": ["telegraf@4.16.3", "", { "dependencies": { "@telegraf/types": "^7.1.0", "abort-controller": "^3.0.0", "debug": "^4.3.4", "mri": "^1.2.0", "node-fetch": "^2.7.0", "p-timeout": "^4.1.0", "safe-compare": "^1.1.4", "sandwich-stream": "^2.0.2" }, "bin": "lib/cli.mjs" }, "sha512-yjEu2NwkHlXu0OARWoNhJlIjX09dRktiMQFsM678BAH/PEPVwctzL67+tvXqLCRQQvm3SDtki2saGO9hLlz68w=="],

    "tr46": ["tr46@0.0.3", "", {}, "sha512-N3WMsuqV66lT30CrXNbEjx4GEwlow3v6rr4mCcv6prnfwhS01rkgyFdjPNBYd9br7LpXV1+Emh01fHnq2Gdgrw=="],

    "typescript": ["typescript@5.4.5", "", { "bin": { "tsc": "bin/tsc", "tsserver": "bin/tsserver" } }, "sha512-vcI4UpRgg81oIRUFwR0WSIHKt11nJ7SAVlYNIu+QpqeyXP+gpQJy/Z4+F0aGxSE4MqwjyXvW/TzgkLAx2AGHwQ=="],

    "undici-types": ["undici-types@5.26.5", "", {}, "sha512-JlCMO+ehdEIKqlFxk6IfVoAUVmgz7cU7zD/h9XZ0qzeosSHmUJVOzSQvvYSYWXkFXC+IfLKSIffhv0sVZup6pA=="],

    "universal-user-agent": ["universal-user-agent@6.0.1", "", {}, "sha512-yCzhz6FN2wU1NiiQRogkTQszlQSlpWaw8SvVegAc+bDxbzHgh1vX8uIe8OYyMH6DwH+sdTJsgMl36+mSMdRJIQ=="],

    "webidl-conversions": ["webidl-conversions@3.0.1", "", {}, "sha512-2JAn3z8AR6rjK8Sm8orRC0h/bcl/DqL7tRPdGZ4I1CjdF+EaMLmYxBHyXuKL849eucPFhvBoxMsflfOb8kxaeQ=="],

    "whatwg-url": ["whatwg-url@5.0.0", "", { "dependencies": { "tr46": "~0.0.3", "webidl-conversions": "^3.0.0" } }, "sha512-saE57nupxk6v3HY35+jzBwYa0rKSy0XR8JSxZPwgLr7ys0IBzhGviA1/TUGJLmSVqs8pb9AnvICXEuOHLprYTw=="],

    "wrap-ansi": ["wrap-ansi@7.0.0", "", { "dependencies": { "ansi-styles": "^4.0.0", "string-width": "^4.1.0", "strip-ansi": "^6.0.0" } }, "sha512-YVGIj2kamLSTxw6NsZjoBxfSwsn0ycdesmc4p+Q21c5zPuZ1pl+NfxVdxPtdHvmNVOQ6XSYG4AUtyt/Fi7D16Q=="],

    "wrappy": ["wrappy@1.0.2", "", {}, "sha512-l4Sp/DRseor9wL6EvV2+TuQn63dMkPjZ/sp9XkghTEbV9KlPS1xUsZ3u7/IQO4wxtcFB4bgpQPRcR3QCvezPcQ=="],

    "y18n": ["y18n@5.0.8", "", {}, "sha512-0pfFzegeDWJHJIAmTLRP2DwHjdF5s7jo9tuztdQxAhINCdvS+3nGINqPd00AphqJR/0LhANUS6/+7SCb98YOfA=="],

    "yargs": ["yargs@17.7.2", "", { "dependencies": { "cliui": "^8.0.1", "escalade": "^3.1.1", "get-caller-file": "^2.0.5", "require-directory": "^2.1.1", "string-width": "^4.2.3", "y18n": "^5.0.5", "yargs-parser": "^21.1.1" } }, "sha512-7dSzzRQ++CKnNI/krKnYRV7JKKPUXMEh61soaHKg9mrWEhzFWhFnxPxGl+69cD1Ou63C13NUPCnmIcrvqCuM6w=="],

    "yargs-parser": ["yargs-parser@21.1.1", "", {}, "sha512-tVpsJW7DdjecAiFpbIB1e3qxIQsE6NoPc5/eTdrbbIC4h0LVsWhnoa3g+m2HclBIujHzsxZ4VJVA+GUuc2/LBw=="],

    "@octokit/plugin-rest-endpoint-methods/@octokit/types": ["@octokit/types@10.0.0", "", { "dependencies": { "@octokit/openapi-types": "^18.0.0" } }, "sha512-Vm8IddVmhCgU1fxC1eyinpwqzXPEYu0NrYzD3YZjlGjyftdLBTeqNblRC0jmJmgxbJIsQlyogVeGnrNaaMVzIg=="],
  }
}
